// !$*UTF8*$!
{
	archiveVersion = 1;
	classes = {
	};
	objectVersion = 56;
	objects = {

/* Begin PBXBuildFile section */
		1423B74C2A77E5A7008190F2 /* NaviViewController.swift in Sources */ = {isa = PBXBuildFile; fileRef = 1423B74B2A77E5A7008190F2 /* NaviViewController.swift */; };
		1423B74E2A77E5DC008190F2 /* PresViewController.swift in Sources */ = {isa = PBXBuildFile; fileRef = 1423B74D2A77E5DC008190F2 /* PresViewController.swift */; };
		146458B02A72AA7600CD03E1 /* AppDelegate.swift in Sources */ = {isa = PBXBuildFile; fileRef = 146458AF2A72AA7600CD03E1 /* AppDelegate.swift */; };
		146458B22A72AA7600CD03E1 /* SceneDelegate.swift in Sources */ = {isa = PBXBuildFile; fileRef = 146458B12A72AA7600CD03E1 /* SceneDelegate.swift */; };
		146458B42A72AA7600CD03E1 /* ViewController.swift in Sources */ = {isa = PBXBuildFile; fileRef = 146458B32A72AA7600CD03E1 /* ViewController.swift */; };
		146458B72A72AA7600CD03E1 /* Main.storyboard in Resources */ = {isa = PBXBuildFile; fileRef = 146458B52A72AA7600CD03E1 /* Main.storyboard */; };
		146458B92A72AA7700CD03E1 /* Assets.xcassets in Resources */ = {isa = PBXBuildFile; fileRef = 146458B82A72AA7700CD03E1 /* Assets.xcassets */; };
		146458BC2A72AA7700CD03E1 /* LaunchScreen.storyboard in Resources */ = {isa = PBXBuildFile; fileRef = 146458BA2A72AA7700CD03E1 /* LaunchScreen.storyboard */; };
		146458C72A72AA7700CD03E1 /* ExNavigationTests.swift in Sources */ = {isa = PBXBuildFile; fileRef = 146458C62A72AA7700CD03E1 /* ExNavigationTests.swift */; };
		146458D12A72AA7700CD03E1 /* ExNavigationUITests.swift in Sources */ = {isa = PBXBuildFile; fileRef = 146458D02A72AA7700CD03E1 /* ExNavigationUITests.swift */; };
		146458D32A72AA7700CD03E1 /* ExNavigationUITestsLaunchTests.swift in Sources */ = {isa = PBXBuildFile; fileRef = 146458D22A72AA7700CD03E1 /* ExNavigationUITestsLaunchTests.swift */; };
/* End PBXBuildFile section */

/* Begin PBXContainerItemProxy section */
		146458C32A72AA7700CD03E1 /* PBXContainerItemProxy */ = {
			isa = PBXContainerItemProxy;
			containerPortal = 146458A42A72AA7600CD03E1 /* Project object */;
			proxyType = 1;
			remoteGlobalIDString = 146458AB2A72AA7600CD03E1;
			remoteInfo = ExNavigation;
		};
		146458CD2A72AA7700CD03E1 /* PBXContainerItemProxy */ = {
			isa = PBXContainerItemProxy;
			containerPortal = 146458A42A72AA7600CD03E1 /* Project object */;
			proxyType = 1;
			remoteGlobalIDString = 146458AB2A72AA7600CD03E1;
			remoteInfo = ExNavigation;
		};
/* End PBXContainerItemProxy section */

/* Begin PBXFileReference section */
		1423B74B2A77E5A7008190F2 /* NaviViewController.swift */ = {isa = PBXFileReference; lastKnownFileType = sourcecode.swift; path = NaviViewController.swift; sourceTree = "<group>"; };
		1423B74D2A77E5DC008190F2 /* PresViewController.swift */ = {isa = PBXFileReference; lastKnownFileType = sourcecode.swift; path = PresViewController.swift; sourceTree = "<group>"; };
		146458AC2A72AA7600CD03E1 /* ExNavigation.app */ = {isa = PBXFileReference; explicitFileType = wrapper.application; includeInIndex = 0; path = ExNavigation.app; sourceTree = BUILT_PRODUCTS_DIR; };
		146458AF2A72AA7600CD03E1 /* AppDelegate.swift */ = {isa = PBXFileReference; lastKnownFileType = sourcecode.swift; path = AppDelegate.swift; sourceTree = "<group>"; };
		146458B12A72AA7600CD03E1 /* SceneDelegate.swift */ = {isa = PBXFileReference; lastKnownFileType = sourcecode.swift; path = SceneDelegate.swift; sourceTree = "<group>"; };
		146458B32A72AA7600CD03E1 /* ViewController.swift */ = {isa = PBXFileReference; lastKnownFileType = sourcecode.swift; path = ViewController.swift; sourceTree = "<group>"; };
		146458B62A72AA7600CD03E1 /* Base */ = {isa = PBXFileReference; lastKnownFileType = file.storyboard; name = Base; path = Base.lproj/Main.storyboard; sourceTree = "<group>"; };
		146458B82A72AA7700CD03E1 /* Assets.xcassets */ = {isa = PBXFileReference; lastKnownFileType = folder.assetcatalog; path = Assets.xcassets; sourceTree = "<group>"; };
		146458BB2A72AA7700CD03E1 /* Base */ = {isa = PBXFileReference; lastKnownFileType = file.storyboard; name = Base; path = Base.lproj/LaunchScreen.storyboard; sourceTree = "<group>"; };
		146458BD2A72AA7700CD03E1 /* Info.plist */ = {isa = PBXFileReference; lastKnownFileType = text.plist.xml; path = Info.plist; sourceTree = "<group>"; };
		146458C22A72AA7700CD03E1 /* ExNavigationTests.xctest */ = {isa = PBXFileReference; explicitFileType = wrapper.cfbundle; includeInIndex = 0; path = ExNavigationTests.xctest; sourceTree = BUILT_PRODUCTS_DIR; };
		146458C62A72AA7700CD03E1 /* ExNavigationTests.swift */ = {isa = PBXFileReference; lastKnownFileType = sourcecode.swift; path = ExNavigationTests.swift; sourceTree = "<group>"; };
		146458CC2A72AA7700CD03E1 /* ExNavigationUITests.xctest */ = {isa = PBXFileReference; explicitFileType = wrapper.cfbundle; includeInIndex = 0; path = ExNavigationUITests.xctest; sourceTree = BUILT_PRODUCTS_DIR; };
		146458D02A72AA7700CD03E1 /* ExNavigationUITests.swift */ = {isa = PBXFileReference; lastKnownFileType = sourcecode.swift; path = ExNavigationUITests.swift; sourceTree = "<group>"; };
		146458D22A72AA7700CD03E1 /* ExNavigationUITestsLaunchTests.swift */ = {isa = PBXFileReference; lastKnownFileType = sourcecode.swift; path = ExNavigationUITestsLaunchTests.swift; sourceTree = "<group>"; };
/* End PBXFileReference section */

/* Begin PBXFrameworksBuildPhase section */
		146458A92A72AA7600CD03E1 /* Frameworks */ = {
			isa = PBXFrameworksBuildPhase;
			buildActionMask = 2147483647;
			files = (
			);
			runOnlyForDeploymentPostprocessing = 0;
		};
		146458BF2A72AA7700CD03E1 /* Frameworks */ = {
			isa = PBXFrameworksBuildPhase;
			buildActionMask = 2147483647;
			files = (
			);
			runOnlyForDeploymentPostprocessing = 0;
		};
		146458C92A72AA7700CD03E1 /* Frameworks */ = {
			isa = PBXFrameworksBuildPhase;
			buildActionMask = 2147483647;
			files = (
			);
			runOnlyForDeploymentPostprocessing = 0;
		};
/* End PBXFrameworksBuildPhase section */

/* Begin PBXGroup section */
		146458A32A72AA7600CD03E1 = {
			isa = PBXGroup;
			children = (
				146458AE2A72AA7600CD03E1 /* ExNavigation */,
				146458C52A72AA7700CD03E1 /* ExNavigationTests */,
				146458CF2A72AA7700CD03E1 /* ExNavigationUITests */,
				146458AD2A72AA7600CD03E1 /* Products */,
			);
			sourceTree = "<group>";
		};
		146458AD2A72AA7600CD03E1 /* Products */ = {
			isa = PBXGroup;
			children = (
				146458AC2A72AA7600CD03E1 /* ExNavigation.app */,
				146458C22A72AA7700CD03E1 /* ExNavigationTests.xctest */,
				146458CC2A72AA7700CD03E1 /* ExNavigationUITests.xctest */,
			);
			name = Products;
			sourceTree = "<group>";
		};
		146458AE2A72AA7600CD03E1 /* ExNavigation */ = {
			isa = PBXGroup;
			children = (
				146458AF2A72AA7600CD03E1 /* AppDelegate.swift */,
				146458B12A72AA7600CD03E1 /* SceneDelegate.swift */,
				146458B32A72AA7600CD03E1 /* ViewController.swift */,
				1423B74B2A77E5A7008190F2 /* NaviViewController.swift */,
				1423B74D2A77E5DC008190F2 /* PresViewController.swift */,
				146458B52A72AA7600CD03E1 /* Main.storyboard */,
				146458B82A72AA7700CD03E1 /* Assets.xcassets */,
				146458BA2A72AA7700CD03E1 /* LaunchScreen.storyboard */,
				146458BD2A72AA7700CD03E1 /* Info.plist */,
			);
			path = ExNavigation;
			sourceTree = "<group>";
		};
		146458C52A72AA7700CD03E1 /* ExNavigationTests */ = {
			isa = PBXGroup;
			children = (
				146458C62A72AA7700CD03E1 /* ExNavigationTests.swift */,
			);
			path = ExNavigationTests;
			sourceTree = "<group>";
		};
		146458CF2A72AA7700CD03E1 /* ExNavigationUITests */ = {
			isa = PBXGroup;
			children = (
				146458D02A72AA7700CD03E1 /* ExNavigationUITests.swift */,
				146458D22A72AA7700CD03E1 /* ExNavigationUITestsLaunchTests.swift */,
			);
			path = ExNavigationUITests;
			sourceTree = "<group>";
		};
/* End PBXGroup section */

/* Begin PBXNativeTarget section */
		146458AB2A72AA7600CD03E1 /* ExNavigation */ = {
			isa = PBXNativeTarget;
			buildConfigurationList = 146458D62A72AA7700CD03E1 /* Build configuration list for PBXNativeTarget "ExNavigation" */;
			buildPhases = (
				146458A82A72AA7600CD03E1 /* Sources */,
				146458A92A72AA7600CD03E1 /* Frameworks */,
				146458AA2A72AA7600CD03E1 /* Resources */,
			);
			buildRules = (
			);
			dependencies = (
			);
			name = ExNavigation;
			productName = ExNavigation;
			productReference = 146458AC2A72AA7600CD03E1 /* ExNavigation.app */;
			productType = "com.apple.product-type.application";
		};
		146458C12A72AA7700CD03E1 /* ExNavigationTests */ = {
			isa = PBXNativeTarget;
			buildConfigurationList = 146458D92A72AA7700CD03E1 /* Build configuration list for PBXNativeTarget "ExNavigationTests" */;
			buildPhases = (
				146458BE2A72AA7700CD03E1 /* Sources */,
				146458BF2A72AA7700CD03E1 /* Frameworks */,
				146458C02A72AA7700CD03E1 /* Resources */,
			);
			buildRules = (
			);
			dependencies = (
				146458C42A72AA7700CD03E1 /* PBXTargetDependency */,
			);
			name = ExNavigationTests;
			productName = ExNavigationTests;
			productReference = 146458C22A72AA7700CD03E1 /* ExNavigationTests.xctest */;
			productType = "com.apple.product-type.bundle.unit-test";
		};
		146458CB2A72AA7700CD03E1 /* ExNavigationUITests */ = {
			isa = PBXNativeTarget;
			buildConfigurationList = 146458DC2A72AA7700CD03E1 /* Build configuration list for PBXNativeTarget "ExNavigationUITests" */;
			buildPhases = (
				146458C82A72AA7700CD03E1 /* Sources */,
				146458C92A72AA7700CD03E1 /* Frameworks */,
				146458CA2A72AA7700CD03E1 /* Resources */,
			);
			buildRules = (
			);
			dependencies = (
				146458CE2A72AA7700CD03E1 /* PBXTargetDependency */,
			);
			name = ExNavigationUITests;
			productName = ExNavigationUITests;
			productReference = 146458CC2A72AA7700CD03E1 /* ExNavigationUITests.xctest */;
			productType = "com.apple.product-type.bundle.ui-testing";
		};
/* End PBXNativeTarget section */

/* Begin PBXProject section */
		146458A42A72AA7600CD03E1 /* Project object */ = {
			isa = PBXProject;
			attributes = {
				BuildIndependentTargetsInParallel = 1;
				LastSwiftUpdateCheck = 1420;
				LastUpgradeCheck = 1420;
				TargetAttributes = {
					146458AB2A72AA7600CD03E1 = {
						CreatedOnToolsVersion = 14.2;
					};
					146458C12A72AA7700CD03E1 = {
						CreatedOnToolsVersion = 14.2;
						TestTargetID = 146458AB2A72AA7600CD03E1;
					};
					146458CB2A72AA7700CD03E1 = {
						CreatedOnToolsVersion = 14.2;
						TestTargetID = 146458AB2A72AA7600CD03E1;
					};
				};
			};
			buildConfigurationList = 146458A72A72AA7600CD03E1 /* Build configuration list for PBXProject "ExNavigation" */;
			compatibilityVersion = "Xcode 14.0";
			developmentRegion = en;
			hasScannedForEncodings = 0;
			knownRegions = (
				en,
				Base,
			);
			mainGroup = 146458A32A72AA7600CD03E1;
			productRefGroup = 146458AD2A72AA7600CD03E1 /* Products */;
			projectDirPath = "";
			projectRoot = "";
			targets = (
				146458AB2A72AA7600CD03E1 /* ExNavigation */,
				146458C12A72AA7700CD03E1 /* ExNavigationTests */,
				146458CB2A72AA7700CD03E1 /* ExNavigationUITests */,
			);
		};
/* End PBXProject section */

/* Begin PBXResourcesBuildPhase section */
		146458AA2A72AA7600CD03E1 /* Resources */ = {
			isa = PBXResourcesBuildPhase;
			buildActionMask = 2147483647;
			files = (
				146458BC2A72AA7700CD03E1 /* LaunchScreen.storyboard in Resources */,
				146458B92A72AA7700CD03E1 /* Assets.xcassets in Resources */,
				146458B72A72AA7600CD03E1 /* Main.storyboard in Resources */,
			);
			runOnlyForDeploymentPostprocessing = 0;
		};
		146458C02A72AA7700CD03E1 /* Resources */ = {
			isa = PBXResourcesBuildPhase;
			buildActionMask = 2147483647;
			files = (
			);
			runOnlyForDeploymentPostprocessing = 0;
		};
		146458CA2A72AA7700CD03E1 /* Resources */ = {
			isa = PBXResourcesBuildPhase;
			buildActionMask = 2147483647;
			files = (
			);
			runOnlyForDeploymentPostprocessing = 0;
		};
/* End PBXResourcesBuildPhase section */

/* Begin PBXSourcesBuildPhase section */
		146458A82A72AA7600CD03E1 /* Sources */ = {
			isa = PBXSourcesBuildPhase;
			buildActionMask = 2147483647;
			files = (
				1423B74E2A77E5DC008190F2 /* PresViewController.swift in Sources */,
				1423B74C2A77E5A7008190F2 /* NaviViewController.swift in Sources */,
				146458B42A72AA7600CD03E1 /* ViewController.swift in Sources */,
				146458B02A72AA7600CD03E1 /* AppDelegate.swift in Sources */,
				146458B22A72AA7600CD03E1 /* SceneDelegate.swift in Sources */,
			);
			runOnlyForDeploymentPostprocessing = 0;
		};
		146458BE2A72AA7700CD03E1 /* Sources */ = {
			isa = PBXSourcesBuildPhase;
			buildActionMask = 2147483647;
			files = (
				146458C72A72AA7700CD03E1 /* ExNavigationTests.swift in Sources */,
			);
			runOnlyForDeploymentPostprocessing = 0;
		};
		146458C82A72AA7700CD03E1 /* Sources */ = {
			isa = PBXSourcesBuildPhase;
			buildActionMask = 2147483647;
			files = (
				146458D12A72AA7700CD03E1 /* ExNavigationUITests.swift in Sources */,
				146458D32A72AA7700CD03E1 /* ExNavigationUITestsLaunchTests.swift in Sources */,
			);
			runOnlyForDeploymentPostprocessing = 0;
		};
/* End PBXSourcesBuildPhase section */

/* Begin PBXTargetDependency section */
		146458C42A72AA7700CD03E1 /* PBXTargetDependency */ = {
			isa = PBXTargetDependency;
			target = 146458AB2A72AA7600CD03E1 /* ExNavigation */;
			targetProxy = 146458C32A72AA7700CD03E1 /* PBXContainerItemProxy */;
		};
		146458CE2A72AA7700CD03E1 /* PBXTargetDependency */ = {
			isa = PBXTargetDependency;
			target = 146458AB2A72AA7600CD03E1 /* ExNavigation */;
			targetProxy = 146458CD2A72AA7700CD03E1 /* PBXContainerItemProxy */;
		};
/* End PBXTargetDependency section */

/* Begin PBXVariantGroup section */
		146458B52A72AA7600CD03E1 /* Main.storyboard */ = {
			isa = PBXVariantGroup;
			children = (
				146458B62A72AA7600CD03E1 /* Base */,
			);
			name = Main.storyboard;
			sourceTree = "<group>";
		};
		146458BA2A72AA7700CD03E1 /* LaunchScreen.storyboard */ = {
			isa = PBXVariantGroup;
			children = (
				146458BB2A72AA7700CD03E1 /* Base */,
			);
			name = LaunchScreen.storyboard;
			sourceTree = "<group>";
		};
/* End PBXVariantGroup section */

/* Begin XCBuildConfiguration section */
		146458D42A72AA7700CD03E1 /* Debug */ = {
			isa = XCBuildConfiguration;
			buildSettings = {
				ALWAYS_SEARCH_USER_PATHS = NO;
				CLANG_ANALYZER_NONNULL = YES;
				CLANG_ANALYZER_NUMBER_OBJECT_CONVERSION = YES_AGGRESSIVE;
				CLANG_CXX_LANGUAGE_STANDARD = "gnu++20";
				CLANG_ENABLE_MODULES = YES;
				CLANG_ENABLE_OBJC_ARC = YES;
				CLANG_ENABLE_OBJC_WEAK = YES;
				CLANG_WARN_BLOCK_CAPTURE_AUTORELEASING = YES;
				CLANG_WARN_BOOL_CONVERSION = YES;
				CLANG_WARN_COMMA = YES;
				CLANG_WARN_CONSTANT_CONVERSION = YES;
				CLANG_WARN_DEPRECATED_OBJC_IMPLEMENTATIONS = YES;
				CLANG_WARN_DIRECT_OBJC_ISA_USAGE = YES_ERROR;
				CLANG_WARN_DOCUMENTATION_COMMENTS = YES;
				CLANG_WARN_EMPTY_BODY = YES;
				CLANG_WARN_ENUM_CONVERSION = YES;
				CLANG_WARN_INFINITE_RECURSION = YES;
				CLANG_WARN_INT_CONVERSION = YES;
				CLANG_WARN_NON_LITERAL_NULL_CONVERSION = YES;
				CLANG_WARN_OBJC_IMPLICIT_RETAIN_SELF = YES;
				CLANG_WARN_OBJC_LITERAL_CONVERSION = YES;
				CLANG_WARN_OBJC_ROOT_CLASS = YES_ERROR;
				CLANG_WARN_QUOTED_INCLUDE_IN_FRAMEWORK_HEADER = YES;
				CLANG_WARN_RANGE_LOOP_ANALYSIS = YES;
				CLANG_WARN_STRICT_PROTOTYPES = YES;
				CLANG_WARN_SUSPICIOUS_MOVE = YES;
				CLANG_WARN_UNGUARDED_AVAILABILITY = YES_AGGRESSIVE;
				CLANG_WARN_UNREACHABLE_CODE = YES;
				CLANG_WARN__DUPLICATE_METHOD_MATCH = YES;
				COPY_PHASE_STRIP = NO;
				DEBUG_INFORMATION_FORMAT = dwarf;
				ENABLE_STRICT_OBJC_MSGSEND = YES;
				ENABLE_TESTABILITY = YES;
				GCC_C_LANGUAGE_STANDARD = gnu11;
				GCC_DYNAMIC_NO_PIC = NO;
				GCC_NO_COMMON_BLOCKS = YES;
				GCC_OPTIMIZATION_LEVEL = 0;
				GCC_PREPROCESSOR_DEFINITIONS = (
					"DEBUG=1",
					"$(inherited)",
				);
				GCC_WARN_64_TO_32_BIT_CONVERSION = YES;
				GCC_WARN_ABOUT_RETURN_TYPE = YES_ERROR;
				GCC_WARN_UNDECLARED_SELECTOR = YES;
				GCC_WARN_UNINITIALIZED_AUTOS = YES_AGGRESSIVE;
				GCC_WARN_UNUSED_FUNCTION = YES;
				GCC_WARN_UNUSED_VARIABLE = YES;
				IPHONEOS_DEPLOYMENT_TARGET = 16.2;
				MTL_ENABLE_DEBUG_INFO = INCLUDE_SOURCE;
				MTL_FAST_MATH = YES;
				ONLY_ACTIVE_ARCH = YES;
				SDKROOT = iphoneos;
				SWIFT_ACTIVE_COMPILATION_CONDITIONS = DEBUG;
				SWIFT_OPTIMIZATION_LEVEL = "-Onone";
			};
			name = Debug;
		};
		146458D52A72AA7700CD03E1 /* Release */ = {
			isa = XCBuildConfiguration;
			buildSettings = {
				ALWAYS_SEARCH_USER_PATHS = NO;
				CLANG_ANALYZER_NONNULL = YES;
				CLANG_ANALYZER_NUMBER_OBJECT_CONVERSION = YES_AGGRESSIVE;
				CLANG_CXX_LANGUAGE_STANDARD = "gnu++20";
				CLANG_ENABLE_MODULES = YES;
				CLANG_ENABLE_OBJC_ARC = YES;
				CLANG_ENABLE_OBJC_WEAK = YES;
				CLANG_WARN_BLOCK_CAPTURE_AUTORELEASING = YES;
				CLANG_WARN_BOOL_CONVERSION = YES;
				CLANG_WARN_COMMA = YES;
				CLANG_WARN_CONSTANT_CONVERSION = YES;
				CLANG_WARN_DEPRECATED_OBJC_IMPLEMENTATIONS = YES;
				CLANG_WARN_DIRECT_OBJC_ISA_USAGE = YES_ERROR;
				CLANG_WARN_DOCUMENTATION_COMMENTS = YES;
				CLANG_WARN_EMPTY_BODY = YES;
				CLANG_WARN_ENUM_CONVERSION = YES;
				CLANG_WARN_INFINITE_RECURSION = YES;
				CLANG_WARN_INT_CONVERSION = YES;
				CLANG_WARN_NON_LITERAL_NULL_CONVERSION = YES;
				CLANG_WARN_OBJC_IMPLICIT_RETAIN_SELF = YES;
				CLANG_WARN_OBJC_LITERAL_CONVERSION = YES;
				CLANG_WARN_OBJC_ROOT_CLASS = YES_ERROR;
				CLANG_WARN_QUOTED_INCLUDE_IN_FRAMEWORK_HEADER = YES;
				CLANG_WARN_RANGE_LOOP_ANALYSIS = YES;
				CLANG_WARN_STRICT_PROTOTYPES = YES;
				CLANG_WARN_SUSPICIOUS_MOVE = YES;
				CLANG_WARN_UNGUARDED_AVAILABILITY = YES_AGGRESSIVE;
				CLANG_WARN_UNREACHABLE_CODE = YES;
				CLANG_WARN__DUPLICATE_METHOD_MATCH = YES;
				COPY_PHASE_STRIP = NO;
				DEBUG_INFORMATION_FORMAT = "dwarf-with-dsym";
				ENABLE_NS_ASSERTIONS = NO;
				ENABLE_STRICT_OBJC_MSGSEND = YES;
				GCC_C_LANGUAGE_STANDARD = gnu11;
				GCC_NO_COMMON_BLOCKS = YES;
				GCC_WARN_64_TO_32_BIT_CONVERSION = YES;
				GCC_WARN_ABOUT_RETURN_TYPE = YES_ERROR;
				GCC_WARN_UNDECLARED_SELECTOR = YES;
				GCC_WARN_UNINITIALIZED_AUTOS = YES_AGGRESSIVE;
				GCC_WARN_UNUSED_FUNCTION = YES;
				GCC_WARN_UNUSED_VARIABLE = YES;
				IPHONEOS_DEPLOYMENT_TARGET = 16.2;
				MTL_ENABLE_DEBUG_INFO = NO;
				MTL_FAST_MATH = YES;
				SDKROOT = iphoneos;
				SWIFT_COMPILATION_MODE = wholemodule;
				SWIFT_OPTIMIZATION_LEVEL = "-O";
				VALIDATE_PRODUCT = YES;
			};
			name = Release;
		};
		146458D72A72AA7700CD03E1 /* Debug */ = {
			isa = XCBuildConfiguration;
			buildSettings = {
				ASSETCATALOG_COMPILER_APPICON_NAME = AppIcon;
				ASSETCATALOG_COMPILER_GLOBAL_ACCENT_COLOR_NAME = AccentColor;
				CODE_SIGN_STYLE = Automatic;
				CURRENT_PROJECT_VERSION = 1;
				DEVELOPMENT_TEAM = N864W465X2;
				GENERATE_INFOPLIST_FILE = YES;
				INFOPLIST_FILE = ExNavigation/Info.plist;
				INFOPLIST_KEY_UIApplicationSupportsIndirectInputEvents = YES;
				INFOPLIST_KEY_UILaunchStoryboardName = LaunchScreen;
				INFOPLIST_KEY_UIMainStoryboardFile = Main;
				INFOPLIST_KEY_UISupportedInterfaceOrientations_iPad = "UIInterfaceOrientationPortrait UIInterfaceOrientationPortraitUpsideDown UIInterfaceOrientationLandscapeLeft UIInterfaceOrientationLandscapeRight";
				INFOPLIST_KEY_UISupportedInterfaceOrientations_iPhone = "UIInterfaceOrientationPortrait UIInterfaceOrientationLandscapeLeft UIInterfaceOrientationLandscapeRight";
				LD_RUNPATH_SEARCH_PATHS = (
					"$(inherited)",
					"@executable_path/Frameworks",
				);
				MARKETING_VERSION = 1.0;
				PRODUCT_BUNDLE_IDENTIFIER = com.Rlogixx.ExNavigation;
				PRODUCT_NAME = "$(TARGET_NAME)";
				SWIFT_EMIT_LOC_STRINGS = YES;
				SWIFT_VERSION = 5.0;
				TARGETED_DEVICE_FAMILY = "1,2";
			};
			name = Debug;
		};
		146458D82A72AA7700CD03E1 /* Release */ = {
			isa = XCBuildConfiguration;
			buildSettings = {
				ASSETCATALOG_COMPILER_APPICON_NAME = AppIcon;
				ASSETCATALOG_COMPILER_GLOBAL_ACCENT_COLOR_NAME = AccentColor;
				CODE_SIGN_STYLE = Automatic;
				CURRENT_PROJECT_VERSION = 1;
				DEVELOPMENT_TEAM = N864W465X2;
				GENERATE_INFOPLIST_FILE = YES;
				INFOPLIST_FILE = ExNavigation/Info.plist;
				INFOPLIST_KEY_UIApplicationSupportsIndirectInputEvents = YES;
				INFOPLIST_KEY_UILaunchStoryboardName = LaunchScreen;
				INFOPLIST_KEY_UIMainStoryboardFile = Main;
				INFOPLIST_KEY_UISupportedInterfaceOrientations_iPad = "UIInterfaceOrientationPortrait UIInterfaceOrientationPortraitUpsideDown UIInterfaceOrientationLandscapeLeft UIInterfaceOrientationLandscapeRight";
				INFOPLIST_KEY_UISupportedInterfaceOrientations_iPhone = "UIInterfaceOrientationPortrait UIInterfaceOrientationLandscapeLeft UIInterfaceOrientationLandscapeRight";
				LD_RUNPATH_SEARCH_PATHS = (
					"$(inherited)",
					"@executable_path/Frameworks",
				);
				MARKETING_VERSION = 1.0;
				PRODUCT_BUNDLE_IDENTIFIER = com.Rlogixx.ExNavigation;
				PRODUCT_NAME = "$(TARGET_NAME)";
				SWIFT_EMIT_LOC_STRINGS = YES;
				SWIFT_VERSION = 5.0;
				TARGETED_DEVICE_FAMILY = "1,2";
			};
			name = Release;
		};
		146458DA2A72AA7700CD03E1 /* Debug */ = {
			isa = XCBuildConfiguration;
			buildSettings = {
				ALWAYS_EMBED_SWIFT_STANDARD_LIBRARIES = YES;
				BUNDLE_LOADER = "$(TEST_HOST)";
				CODE_SIGN_STYLE = Automatic;
				CURRENT_PROJECT_VERSION = 1;
				DEVELOPMENT_TEAM = N864W465X2;
				GENERATE_INFOPLIST_FILE = YES;
				IPHONEOS_DEPLOYMENT_TARGET = 16.2;
				MARKETING_VERSION = 1.0;
				PRODUCT_BUNDLE_IDENTIFIER = com.Rlogixx.ExNavigationTests;
				PRODUCT_NAME = "$(TARGET_NAME)";
				SWIFT_EMIT_LOC_STRINGS = NO;
				SWIFT_VERSION = 5.0;
				TARGETED_DEVICE_FAMILY = "1,2";
				TEST_HOST = "$(BUILT_PRODUCTS_DIR)/ExNavigation.app/$(BUNDLE_EXECUTABLE_FOLDER_PATH)/ExNavigation";
			};
			name = Debug;
		};
		146458DB2A72AA7700CD03E1 /* Release */ = {
			isa = XCBuildConfiguration;
			buildSettings = {
				ALWAYS_EMBED_SWIFT_STANDARD_LIBRARIES = YES;
				BUNDLE_LOADER = "$(TEST_HOST)";
				CODE_SIGN_STYLE = Automatic;
				CURRENT_PROJECT_VERSION = 1;
				DEVELOPMENT_TEAM = N864W465X2;
				GENERATE_INFOPLIST_FILE = YES;
				IPHONEOS_DEPLOYMENT_TARGET = 16.2;
				MARKETING_VERSION = 1.0;
				PRODUCT_BUNDLE_IDENTIFIER = com.Rlogixx.ExNavigationTests;
				PRODUCT_NAME = "$(TARGET_NAME)";
				SWIFT_EMIT_LOC_STRINGS = NO;
				SWIFT_VERSION = 5.0;
				TARGETED_DEVICE_FAMILY = "1,2";
				TEST_HOST = "$(BUILT_PRODUCTS_DIR)/ExNavigation.app/$(BUNDLE_EXECUTABLE_FOLDER_PATH)/ExNavigation";
			};
			name = Release;
		};
		146458DD2A72AA7700CD03E1 /* Debug */ = {
			isa = XCBuildConfiguration;
			buildSettings = {
				ALWAYS_EMBED_SWIFT_STANDARD_LIBRARIES = YES;
				CODE_SIGN_STYLE = Automatic;
				CURRENT_PROJECT_VERSION = 1;
				DEVELOPMENT_TEAM = N864W465X2;
				GENERATE_INFOPLIST_FILE = YES;
				MARKETING_VERSION = 1.0;
				PRODUCT_BUNDLE_IDENTIFIER = com.Rlogixx.ExNavigationUITests;
				PRODUCT_NAME = "$(TARGET_NAME)";
				SWIFT_EMIT_LOC_STRINGS = NO;
				SWIFT_VERSION = 5.0;
				TARGETED_DEVICE_FAMILY = "1,2";
				TEST_TARGET_NAME = ExNavigation;
			};
			name = Debug;
		};
		146458DE2A72AA7700CD03E1 /* Release */ = {
			isa = XCBuildConfiguration;
			buildSettings = {
				ALWAYS_EMBED_SWIFT_STANDARD_LIBRARIES = YES;
				CODE_SIGN_STYLE = Automatic;
				CURRENT_PROJECT_VERSION = 1;
				DEVELOPMENT_TEAM = N864W465X2;
				GENERATE_INFOPLIST_FILE = YES;
				MARKETING_VERSION = 1.0;
				PRODUCT_BUNDLE_IDENTIFIER = com.Rlogixx.ExNavigationUITests;
				PRODUCT_NAME = "$(TARGET_NAME)";
				SWIFT_EMIT_LOC_STRINGS = NO;
				SWIFT_VERSION = 5.0;
				TARGETED_DEVICE_FAMILY = "1,2";
				TEST_TARGET_NAME = ExNavigation;
			};
			name = Release;
		};
/* End XCBuildConfiguration section */

/* Begin XCConfigurationList section */
		146458A72A72AA7600CD03E1 /* Build configuration list for PBXProject "ExNavigation" */ = {
			isa = XCConfigurationList;
			buildConfigurations = (
				146458D42A72AA7700CD03E1 /* Debug */,
				146458D52A72AA7700CD03E1 /* Release */,
			);
			defaultConfigurationIsVisible = 0;
			defaultConfigurationName = Release;
		};
		146458D62A72AA7700CD03E1 /* Build configuration list for PBXNativeTarget "ExNavigation" */ = {
			isa = XCConfigurationList;
			buildConfigurations = (
				146458D72A72AA7700CD03E1 /* Debug */,
				146458D82A72AA7700CD03E1 /* Release */,
			);
			defaultConfigurationIsVisible = 0;
			defaultConfigurationName = Release;
		};
		146458D92A72AA7700CD03E1 /* Build configuration list for PBXNativeTarget "ExNavigationTests" */ = {
			isa = XCConfigurationList;
			buildConfigurations = (
				146458DA2A72AA7700CD03E1 /* Debug */,
				146458DB2A72AA7700CD03E1 /* Release */,
			);
			defaultConfigurationIsVisible = 0;
			defaultConfigurationName = Release;
		};
		146458DC2A72AA7700CD03E1 /* Build configuration list for PBXNativeTarget "ExNavigationUITests" */ = {
			isa = XCConfigurationList;
			buildConfigurations = (
				146458DD2A72AA7700CD03E1 /* Debug */,
				146458DE2A72AA7700CD03E1 /* Release */,
			);
			defaultConfigurationIsVisible = 0;
			defaultConfigurationName = Release;
		};
/* End XCConfigurationList section */
	};
	rootObject = 146458A42A72AA7600CD03E1 /* Project object */;
}
